
Microsoft Visual Studio Solution File, Format Version 12.00
# Visual Studio Version 17
VisualStudioVersion = 17.0.31912.275
MinimumVisualStudioVersion = 10.0.40219.1
Project("{FAE04EC0-301F-11D3-BF4B-00C04F79EFBC}") = "LambdaExercise", "LambdaExercise\LambdaExercise.csproj", "{AAF88E59-B28F-4B86-8DB2-24BC66DCF54C}"
EndProject
Global
	GlobalSection(SolutionConfigurationPlatforms) = preSolution
		Debug|Any CPU = Debug|Any CPU
		Release|Any CPU = Release|Any CPU
	EndGlobalSection
	GlobalSection(ProjectConfigurationPlatforms) = postSolution
		{AAF88E59-B28F-4B86-8DB2-24BC66DCF54C}.Debug|Any CPU.ActiveCfg = Debug|Any CPU
		{AAF88E59-B28F-4B86-8DB2-24BC66DCF54C}.Debug|Any CPU.Build.0 = Debug|Any CPU
		{AAF88E59-B28F-4B86-8DB2-24BC66DCF54C}.Release|Any CPU.ActiveCfg = Release|Any CPU
		{AAF88E59-B28F-4B86-8DB2-24BC66DCF54C}.Release|Any CPU.Build.0 = Release|Any CPU
	EndGlobalSection
	GlobalSection(SolutionProperties) = preSolution
		HideSolutionNode = FALSE
	EndGlobalSection
	GlobalSection(ExtensibilityGlobals) = postSolution
		SolutionGuid = {4651BFB1-200A-47DF-B0C8-E118CE316BBE}
	EndGlobalSection
EndGlobal
